// !$*UTF8*$!
{
	archiveVersion = 1;
	classes = {
	};
	objectVersion = 46;
	objects = {

/* Begin PBXBuildFile section */
		63F5F1141E5E4CF600E37BC2 /* AppDelegate.swift in Sources */ = {isa = PBXBuildFile; fileRef = 63F5F1131E5E4CF600E37BC2 /* AppDelegate.swift */; };
		63F5F1161E5E4CF600E37BC2 /* ViewController.swift in Sources */ = {isa = PBXBuildFile; fileRef = 63F5F1151E5E4CF600E37BC2 /* ViewController.swift */; };
		63F5F1191E5E4CF600E37BC2 /* Main.storyboard in Resources */ = {isa = PBXBuildFile; fileRef = 63F5F1171E5E4CF600E37BC2 /* Main.storyboard */; };
		63F5F11B1E5E4CF600E37BC2 /* Assets.xcassets in Resources */ = {isa = PBXBuildFile; fileRef = 63F5F11A1E5E4CF600E37BC2 /* Assets.xcassets */; };
		63F5F11E1E5E4CF600E37BC2 /* LaunchScreen.storyboard in Resources */ = {isa = PBXBuildFile; fileRef = 63F5F11C1E5E4CF600E37BC2 /* LaunchScreen.storyboard */; };
/* End PBXBuildFile section */

/* Begin PBXFileReference section */
		63F5F1101E5E4CF600E37BC2 /* Stackview.app */ = {isa = PBXFileReference; explicitFileType = wrapper.application; includeInIndex = 0; path = Stackview.app; sourceTree = BUILT_PRODUCTS_DIR; };
		63F5F1131E5E4CF600E37BC2 /* AppDelegate.swift */ = {isa = PBXFileReference; lastKnownFileType = sourcecode.swift; path = AppDelegate.swift; sourceTree = "<group>"; };
		63F5F1151E5E4CF600E37BC2 /* ViewController.swift */ = {isa = PBXFileReference; lastKnownFileType = sourcecode.swift; path = ViewController.swift; sourceTree = "<group>"; };
		63F5F1181E5E4CF600E37BC2 /* Base */ = {isa = PBXFileReference; lastKnownFileType = file.storyboard; name = Base; path = Base.lproj/Main.storyboard; sourceTree = "<group>"; };
		63F5F11A1E5E4CF600E37BC2 /* Assets.xcassets */ = {isa = PBXFileReference; lastKnownFileType = folder.assetcatalog; path = Assets.xcassets; sourceTree = "<group>"; };
		63F5F11D1E5E4CF600E37BC2 /* Base */ = {isa = PBXFileReference; lastKnownFileType = file.storyboard; name = Base; path = Base.lproj/LaunchScreen.storyboard; sourceTree = "<group>"; };
		63F5F11F1E5E4CF600E37BC2 /* Info.plist */ = {isa = PBXFileReference; lastKnownFileType = text.plist.xml; path = Info.plist; sourceTree = "<group>"; };
/* End PBXFileReference section */

/* Begin PBXFrameworksBuildPhase section */
		63F5F10D1E5E4CF600E37BC2 /* Frameworks */ = {
			isa = PBXFrameworksBuildPhase;
			buildActionMask = 2147483647;
			files = (
			);
			runOnlyForDeploymentPostprocessing = 0;
		};
/* End PBXFrameworksBuildPhase section */

/* Begin PBXGroup section */
		63F5F1071E5E4CF600E37BC2 = {
			isa = PBXGroup;
			children = (
				63F5F1121E5E4CF600E37BC2 /* Stackview */,
				63F5F1111E5E4CF600E37BC2 /* Products */,
			);
			sourceTree = "<group>";
		};
		63F5F1111E5E4CF600E37BC2 /* Products */ = {
			isa = PBXGroup;
			children = (
				63F5F1101E5E4CF600E37BC2 /* Stackview.app */,
			);
			name = Products;
			sourceTree = "<group>";
		};
		63F5F1121E5E4CF600E37BC2 /* Stackview */ = {
			isa = PBXGroup;
			children = (
				63F5F1131E5E4CF600E37BC2 /* AppDelegate.swift */,
				63F5F1151E5E4CF600E37BC2 /* ViewController.swift */,
				63F5F1171E5E4CF600E37BC2 /* Main.storyboard */,
				63F5F11A1E5E4CF600E37BC2 /* Assets.xcassets */,
				63F5F11C1E5E4CF600E37BC2 /* LaunchScreen.storyboard */,
				63F5F11F1E5E4CF600E37BC2 /* Info.plist */,
			);
			path = Stackview;
			sourceTree = "<group>";
		};
/* End PBXGroup section */

/* Begin PBXNativeTarget section */
		63F5F10F1E5E4CF600E37BC2 /* Stackview */ = {
			isa = PBXNativeTarget;
			buildConfigurationList = 63F5F1221E5E4CF600E37BC2 /* Build configuration list for PBXNativeTarget "Stackview" */;
			buildPhases = (
				63F5F10C1E5E4CF600E37BC2 /* Sources */,
				63F5F10D1E5E4CF600E37BC2 /* Frameworks */,
				63F5F10E1E5E4CF600E37BC2 /* Resources */,
			);
			buildRules = (
			);
			dependencies = (
			);
			name = Stackview;
			productName = Stackview;
			productReference = 63F5F1101E5E4CF600E37BC2 /* Stackview.app */;
			productType = "com.apple.product-type.application";
		};
/* End PBXNativeTarget section */

/* Begin PBXProject section */
		63F5F1081E5E4CF600E37BC2 /* Project object */ = {
			isa = PBXProject;
			attributes = {
				LastSwiftUpdateCheck = 0820;
				LastUpgradeCheck = 0820;
				ORGANIZATIONNAME = David;
				TargetAttributes = {
					63F5F10F1E5E4CF600E37BC2 = {
						CreatedOnToolsVersion = 8.2.1;
						ProvisioningStyle = Automatic;
					};
				};
			};
			buildConfigurationList = 63F5F10B1E5E4CF600E37BC2 /* Build configuration list for PBXProject "Stackview" */;
			compatibilityVersion = "Xcode 3.2";
			developmentRegion = English;
			hasScannedForEncodings = 0;
			knownRegions = (
				en,
				Base,
			);
			mainGroup = 63F5F1071E5E4CF600E37BC2;
			productRefGroup = 63F5F1111E5E4CF600E37BC2 /* Products */;
			projectDirPath = "";
			projectRoot = "";
			targets = (
				63F5F10F1E5E4CF600E37BC2 /* Stackview */,
			);
		};
/* End PBXProject section */

/* Begin PBXResourcesBuildPhase section */
		63F5F10E1E5E4CF600E37BC2 /* Resources */ = {
			isa = PBXResourcesBuildPhase;
			buildActionMask = 2147483647;
			files = (
				63F5F11E1E5E4CF600E37BC2 /* LaunchScreen.storyboard in Resources */,
				63F5F11B1E5E4CF600E37BC2 /* Assets.xcassets in Resources */,
				63F5F1191E5E4CF600E37BC2 /* Main.storyboard in Resources */,
			);
			runOnlyForDeploymentPostprocessing = 0;
		};
/* End PBXResourcesBuildPhase section */

/* Begin PBXSourcesBuildPhase section */
		63F5F10C1E5E4CF600E37BC2 /* Sources */ = {
			isa = PBXSourcesBuildPhase;
			buildActionMask = 2147483647;
			files = (
				63F5F1161E5E4CF600E37BC2 /* ViewController.swift in Sources */,
				63F5F1141E5E4CF600E37BC2 /* AppDelegate.swift in Sources */,
			);
			runOnlyForDeploymentPostprocessing = 0;
		};
/* End PBXSourcesBuildPhase section */

/* Begin PBXVariantGroup section */
		63F5F1171E5E4CF600E37BC2 /* Main.storyboard */ = {
			isa = PBXVariantGroup;
			children = (
				63F5F1181E5E4CF600E37BC2 /* Base */,
			);
			name = Main.storyboard;
			sourceTree = "<group>";
		};
		63F5F11C1E5E4CF600E37BC2 /* LaunchScreen.storyboard */ = {
			isa = PBXVariantGroup;
			children = (
				63F5F11D1E5E4CF600E37BC2 /* Base */,
			);
			name = LaunchScreen.storyboard;
			sourceTree = "<group>";
		};
/* End PBXVariantGroup section */

/* Begin XCBuildConfiguration section */
		63F5F1201E5E4CF600E37BC2 /* Debug */ = {
			isa = XCBuildConfiguration;
			buildSettings = {
				ALWAYS_SEARCH_USER_PATHS = NO;
				CLANG_ANALYZER_NONNULL = YES;
				CLANG_CXX_LANGUAGE_STANDARD = "gnu++0x";
				CLANG_CXX_LIBRARY = "libc++";
				CLANG_ENABLE_MODULES = YES;
				CLANG_ENABLE_OBJC_ARC = YES;
				CLANG_WARN_BOOL_CONVERSION = YES;
				CLANG_WARN_CONSTANT_CONVERSION = YES;
				CLANG_WARN_DIRECT_OBJC_ISA_USAGE = YES_ERROR;
				CLANG_WARN_DOCUMENTATION_COMMENTS = YES;
				CLANG_WARN_EMPTY_BODY = YES;
				CLANG_WARN_ENUM_CONVERSION = YES;
				CLANG_WARN_INFINITE_RECURSION = YES;
				CLANG_WARN_INT_CONVERSION = YES;
				CLANG_WARN_OBJC_ROOT_CLASS = YES_ERROR;
				CLANG_WARN_SUSPICIOUS_MOVE = YES;
				CLANG_WARN_UNREACHABLE_CODE = YES;
				CLANG_WARN__DUPLICATE_METHOD_MATCH = YES;
				"CODE_SIGN_IDENTITY[sdk=iphoneos*]" = "iPhone Developer";
				COPY_PHASE_STRIP = NO;
				DEBUG_INFORMATION_FORMAT = dwarf;
				ENABLE_STRICT_OBJC_MSGSEND = YES;
				ENABLE_TESTABILITY = YES;
				GCC_C_LANGUAGE_STANDARD = gnu99;
				GCC_DYNAMIC_NO_PIC = NO;
				GCC_NO_COMMON_BLOCKS = YES;
				GCC_OPTIMIZATION_LEVEL = 0;
				GCC_PREPROCESSOR_DEFINITIONS = (
					"DEBUG=1",
					"$(inherited)",
				);
				GCC_WARN_64_TO_32_BIT_CONVERSION = YES;
				GCC_WARN_ABOUT_RETURN_TYPE = YES_ERROR;
				GCC_WARN_UNDECLARED_SELECTOR = YES;
				GCC_WARN_UNINITIALIZED_AUTOS = YES_AGGRESSIVE;
				GCC_WARN_UNUSED_FUNCTION = YES;
				GCC_WARN_UNUSED_VARIABLE = YES;
				IPHONEOS_DEPLOYMENT_TARGET = 10.2;
				MTL_ENABLE_DEBUG_INFO = YES;
				ONLY_ACTIVE_ARCH = YES;
				SDKROOT = iphoneos;
				SWIFT_ACTIVE_COMPILATION_CONDITIONS = DEBUG;
				SWIFT_OPTIMIZATION_LEVEL = "-Onone";
				TARGETED_DEVICE_FAMILY = "1,2";
			};
			name = Debug;
		};
		63F5F1211E5E4CF600E37BC2 /* Release */ = {
			isa = XCBuildConfiguration;
			buildSettings = {
				ALWAYS_SEARCH_USER_PATHS = NO;
				CLANG_ANALYZER_NONNULL = YES;
				CLANG_CXX_LANGUAGE_STANDARD = "gnu++0x";
				CLANG_CXX_LIBRARY = "libc++";
				CLANG_ENABLE_MODULES = YES;
				CLANG_ENABLE_OBJC_ARC = YES;
				CLANG_WARN_BOOL_CONVERSION = YES;
				CLANG_WARN_CONSTANT_CONVERSION = YES;
				CLANG_WARN_DIRECT_OBJC_ISA_USAGE = YES_ERROR;
				CLANG_WARN_DOCUMENTATION_COMMENTS = YES;
				CLANG_WARN_EMPTY_BODY = YES;
				CLANG_WARN_ENUM_CONVERSION = YES;
				CLANG_WARN_INFINITE_RECURSION = YES;
				CLANG_WARN_INT_CONVERSION = YES;
				CLANG_WARN_OBJC_ROOT_CLASS = YES_ERROR;
				CLANG_WARN_SUSPICIOUS_MOVE = YES;
				CLANG_WARN_UNREACHABLE_CODE = YES;
				CLANG_WARN__DUPLICATE_METHOD_MATCH = YES;
				"CODE_SIGN_IDENTITY[sdk=iphoneos*]" = "iPhone Developer";
				COPY_PHASE_STRIP = NO;
				DEBUG_INFORMATION_FORMAT = "dwarf-with-dsym";
				ENABLE_NS_ASSERTIONS = NO;
				ENABLE_STRICT_OBJC_MSGSEND = YES;
				GCC_C_LANGUAGE_STANDARD = gnu99;
				GCC_NO_COMMON_BLOCKS = YES;
				GCC_WARN_64_TO_32_BIT_CONVERSION = YES;
				GCC_WARN_ABOUT_RETURN_TYPE = YES_ERROR;
				GCC_WARN_UNDECLARED_SELECTOR = YES;
				GCC_WARN_UNINITIALIZED_AUTOS = YES_AGGRESSIVE;
				GCC_WARN_UNUSED_FUNCTION = YES;
				GCC_WARN_UNUSED_VARIABLE = YES;
				IPHONEOS_DEPLOYMENT_TARGET = 10.2;
				MTL_ENABLE_DEBUG_INFO = NO;
				SDKROOT = iphoneos;
				SWIFT_OPTIMIZATION_LEVEL = "-Owholemodule";
				TARGETED_DEVICE_FAMILY = "1,2";
				VALIDATE_PRODUCT = YES;
			};
			name = Release;
		};
		63F5F1231E5E4CF600E37BC2 /* Debug */ = {
			isa = XCBuildConfiguration;
			buildSettings = {
				ASSETCATALOG_COMPILER_APPICON_NAME = AppIcon;
				INFOPLIST_FILE = Stackview/Info.plist;
				LD_RUNPATH_SEARCH_PATHS = "$(inherited) @executable_path/Frameworks";
				PRODUCT_BUNDLE_IDENTIFIER = com.PermaculturePower.Stackview;
				PRODUCT_NAME = "$(TARGET_NAME)";
				SWIFT_VERSION = 3.0;
			};
			name = Debug;
		};
		63F5F1241E5E4CF600E37BC2 /* Release */ = {
			isa = XCBuildConfiguration;
			buildSettings = {
				ASSETCATALOG_COMPILER_APPICON_NAME = AppIcon;
				INFOPLIST_FILE = Stackview/Info.plist;
				LD_RUNPATH_SEARCH_PATHS = "$(inherited) @executable_path/Frameworks";
				PRODUCT_BUNDLE_IDENTIFIER = com.PermaculturePower.Stackview;
				PRODUCT_NAME = "$(TARGET_NAME)";
				SWIFT_VERSION = 3.0;
			};
			name = Release;
		};
/* End XCBuildConfiguration section */

/* Begin XCConfigurationList section */
		63F5F10B1E5E4CF600E37BC2 /* Build configuration list for PBXProject "Stackview" */ = {
			isa = XCConfigurationList;
			buildConfigurations = (
				63F5F1201E5E4CF600E37BC2 /* Debug */,
				63F5F1211E5E4CF600E37BC2 /* Release */,
			);
			defaultConfigurationIsVisible = 0;
			defaultConfigurationName = Release;
		};
		63F5F1221E5E4CF600E37BC2 /* Build configuration list for PBXNativeTarget "Stackview" */ = {
			isa = XCConfigurationList;
			buildConfigurations = (
				63F5F1231E5E4CF600E37BC2 /* Debug */,
				63F5F1241E5E4CF600E37BC2 /* Release */,
			);
			defaultConfigurationIsVisible = 0;
		};
/* End XCConfigurationList section */
	};
	rootObject = 63F5F1081E5E4CF600E37BC2 /* Project object */;
}
